
Microsoft Visual Studio Solution File, Format Version 12.00
# Visual Studio Version 17
VisualStudioVersion = 17.7.34221.43
MinimumVisualStudioVersion = 10.0.40219.1
Project("{FAE04EC0-301F-11D3-BF4B-00C04F79EFBC}") = "SimpleOLX", "SimpleOLX.csproj", "{37926199-D1D0-4079-A3CB-84D9DAF490FA}"
EndProject
Global
	GlobalSection(SolutionConfigurationPlatforms) = preSolution
		Debug|Any CPU = Debug|Any CPU
		Release|Any CPU = Release|Any CPU
	EndGlobalSection
	GlobalSection(ProjectConfigurationPlatforms) = postSolution
		{37926199-D1D0-4079-A3CB-84D9DAF490FA}.Debug|Any CPU.ActiveCfg = Debug|Any CPU
		{37926199-D1D0-4079-A3CB-84D9DAF490FA}.Debug|Any CPU.Build.0 = Debug|Any CPU
		{37926199-D1D0-4079-A3CB-84D9DAF490FA}.Release|Any CPU.ActiveCfg = Release|Any CPU
		{37926199-D1D0-4079-A3CB-84D9DAF490FA}.Release|Any CPU.Build.0 = Release|Any CPU
	EndGlobalSection
	GlobalSection(SolutionProperties) = preSolution
		HideSolutionNode = FALSE
	EndGlobalSection
	GlobalSection(ExtensibilityGlobals) = postSolution
		SolutionGuid = {31E66222-5904-4E29-B3C9-C9E064D8B80B}
	EndGlobalSection
EndGlobal
